
Microsoft Visual Studio Solution File, Format Version 12.00
Project("{FAE04EC0-301F-11D3-BF4B-00C04F79EFBC}") = "ModularMonolith.API", "ModularMonolith.API\ModularMonolith.API.csproj", "{3DF4982A-5FE9-463C-BB0A-A2437CDC945F}"
EndProject
Project("{FAE04EC0-301F-11D3-BF4B-00C04F79EFBC}") = "Consults.API", "Consults.API\Consults.API.csproj", "{45AFCA8E-B79F-4545-9B50-7D85FB2406BF}"
EndProject
Project("{FAE04EC0-301F-11D3-BF4B-00C04F79EFBC}") = "Notes.API", "Notes.API\Notes.API.csproj", "{E13D80CD-1DC4-43E4-A22E-0C938015D204}"
EndProject
Project("{FAE04EC0-301F-11D3-BF4B-00C04F79EFBC}") = "Notes.Shared", "Notes.Shared\Notes.Shared.csproj", "{D7E39D1F-9A47-46DE-BD84-352E8998F848}"
EndProject
Project("{FAE04EC0-301F-11D3-BF4B-00C04F79EFBC}") = "Notes.Domain", "Notes.Domain\Notes.Domain.csproj", "{D5D98ED5-6966-4B8B-BA93-40BCA5071CF7}"
EndProject
Project("{FAE04EC0-301F-11D3-BF4B-00C04F79EFBC}") = "Notes.Infrastructure", "Notes.Infrastructure\Notes.Infrastructure.csproj", "{0FD3B24C-01AB-4422-B662-9EEE2ACFC941}"
EndProject
Project("{FAE04EC0-301F-11D3-BF4B-00C04F79EFBC}") = "Consults.Domain", "Consults.Domain\Consults.Domain.csproj", "{FE42C9CD-A3F7-464C-B7C3-5ADFCA0E8C9E}"
EndProject
Project("{FAE04EC0-301F-11D3-BF4B-00C04F79EFBC}") = "Consults.Infrastructure", "Consults.Infrastructure\Consults.Infrastructure.csproj", "{73E60C6F-5E3C-4002-B844-B7E0A549FBB9}"
EndProject
Project("{FAE04EC0-301F-11D3-BF4B-00C04F79EFBC}") = "Notes.Domain.Shared", "Notes.Domain.Shared\Notes.Domain.Shared.csproj", "{CFA50857-DA7B-40D9-8085-EB50783599E5}"
EndProject
Project("{FAE04EC0-301F-11D3-BF4B-00C04F79EFBC}") = "BuildingBlocks", "BuildingBlocks\BuildingBlocks.csproj", "{7A94284D-B19F-49FE-B71F-A89CF929029B}"
EndProject
Project("{2150E333-8FDC-42A3-9474-1A3956D46DE8}") = "Modules", "Modules", "{276305D5-BD83-44C6-A873-22C9FF9EE9FC}"
EndProject
Project("{2150E333-8FDC-42A3-9474-1A3956D46DE8}") = "Notes", "Notes", "{1593A2D2-F27E-41BB-B1D2-A8F3294D0745}"
EndProject
Project("{2150E333-8FDC-42A3-9474-1A3956D46DE8}") = "Consults", "Consults", "{01EDF09D-16CD-43C3-BCCD-B4F7D5712B97}"
EndProject
Project("{2150E333-8FDC-42A3-9474-1A3956D46DE8}") = "Common", "Common", "{740F8E4C-437A-45C8-B57B-4187028B1A0B}"
EndProject
Project("{FAE04EC0-301F-11D3-BF4B-00C04F79EFBC}") = "Consults.Domain.Shared", "Consults.Domain.Shared\Consults.Domain.Shared.csproj", "{C6A27FF1-85EC-4E94-9DF9-9927BC65BF3B}"
EndProject
Global
	GlobalSection(SolutionConfigurationPlatforms) = preSolution
		Debug|Any CPU = Debug|Any CPU
		Release|Any CPU = Release|Any CPU
	EndGlobalSection
	GlobalSection(ProjectConfigurationPlatforms) = postSolution
		{3DF4982A-5FE9-463C-BB0A-A2437CDC945F}.Debug|Any CPU.ActiveCfg = Debug|Any CPU
		{3DF4982A-5FE9-463C-BB0A-A2437CDC945F}.Debug|Any CPU.Build.0 = Debug|Any CPU
		{3DF4982A-5FE9-463C-BB0A-A2437CDC945F}.Release|Any CPU.ActiveCfg = Release|Any CPU
		{3DF4982A-5FE9-463C-BB0A-A2437CDC945F}.Release|Any CPU.Build.0 = Release|Any CPU
		{45AFCA8E-B79F-4545-9B50-7D85FB2406BF}.Debug|Any CPU.ActiveCfg = Debug|Any CPU
		{45AFCA8E-B79F-4545-9B50-7D85FB2406BF}.Debug|Any CPU.Build.0 = Debug|Any CPU
		{45AFCA8E-B79F-4545-9B50-7D85FB2406BF}.Release|Any CPU.ActiveCfg = Release|Any CPU
		{45AFCA8E-B79F-4545-9B50-7D85FB2406BF}.Release|Any CPU.Build.0 = Release|Any CPU
		{E13D80CD-1DC4-43E4-A22E-0C938015D204}.Debug|Any CPU.ActiveCfg = Debug|Any CPU
		{E13D80CD-1DC4-43E4-A22E-0C938015D204}.Debug|Any CPU.Build.0 = Debug|Any CPU
		{E13D80CD-1DC4-43E4-A22E-0C938015D204}.Release|Any CPU.ActiveCfg = Release|Any CPU
		{E13D80CD-1DC4-43E4-A22E-0C938015D204}.Release|Any CPU.Build.0 = Release|Any CPU
		{D7E39D1F-9A47-46DE-BD84-352E8998F848}.Debug|Any CPU.ActiveCfg = Debug|Any CPU
		{D7E39D1F-9A47-46DE-BD84-352E8998F848}.Debug|Any CPU.Build.0 = Debug|Any CPU
		{D7E39D1F-9A47-46DE-BD84-352E8998F848}.Release|Any CPU.ActiveCfg = Release|Any CPU
		{D7E39D1F-9A47-46DE-BD84-352E8998F848}.Release|Any CPU.Build.0 = Release|Any CPU
		{D5D98ED5-6966-4B8B-BA93-40BCA5071CF7}.Debug|Any CPU.ActiveCfg = Debug|Any CPU
		{D5D98ED5-6966-4B8B-BA93-40BCA5071CF7}.Debug|Any CPU.Build.0 = Debug|Any CPU
		{D5D98ED5-6966-4B8B-BA93-40BCA5071CF7}.Release|Any CPU.ActiveCfg = Release|Any CPU
		{D5D98ED5-6966-4B8B-BA93-40BCA5071CF7}.Release|Any CPU.Build.0 = Release|Any CPU
		{0FD3B24C-01AB-4422-B662-9EEE2ACFC941}.Debug|Any CPU.ActiveCfg = Debug|Any CPU
		{0FD3B24C-01AB-4422-B662-9EEE2ACFC941}.Debug|Any CPU.Build.0 = Debug|Any CPU
		{0FD3B24C-01AB-4422-B662-9EEE2ACFC941}.Release|Any CPU.ActiveCfg = Release|Any CPU
		{0FD3B24C-01AB-4422-B662-9EEE2ACFC941}.Release|Any CPU.Build.0 = Release|Any CPU
		{FE42C9CD-A3F7-464C-B7C3-5ADFCA0E8C9E}.Debug|Any CPU.ActiveCfg = Debug|Any CPU
		{FE42C9CD-A3F7-464C-B7C3-5ADFCA0E8C9E}.Debug|Any CPU.Build.0 = Debug|Any CPU
		{FE42C9CD-A3F7-464C-B7C3-5ADFCA0E8C9E}.Release|Any CPU.ActiveCfg = Release|Any CPU
		{FE42C9CD-A3F7-464C-B7C3-5ADFCA0E8C9E}.Release|Any CPU.Build.0 = Release|Any CPU
		{73E60C6F-5E3C-4002-B844-B7E0A549FBB9}.Debug|Any CPU.ActiveCfg = Debug|Any CPU
		{73E60C6F-5E3C-4002-B844-B7E0A549FBB9}.Debug|Any CPU.Build.0 = Debug|Any CPU
		{73E60C6F-5E3C-4002-B844-B7E0A549FBB9}.Release|Any CPU.ActiveCfg = Release|Any CPU
		{73E60C6F-5E3C-4002-B844-B7E0A549FBB9}.Release|Any CPU.Build.0 = Release|Any CPU
		{CFA50857-DA7B-40D9-8085-EB50783599E5}.Debug|Any CPU.ActiveCfg = Debug|Any CPU
		{CFA50857-DA7B-40D9-8085-EB50783599E5}.Debug|Any CPU.Build.0 = Debug|Any CPU
		{CFA50857-DA7B-40D9-8085-EB50783599E5}.Release|Any CPU.ActiveCfg = Release|Any CPU
		{CFA50857-DA7B-40D9-8085-EB50783599E5}.Release|Any CPU.Build.0 = Release|Any CPU
		{7A94284D-B19F-49FE-B71F-A89CF929029B}.Debug|Any CPU.ActiveCfg = Debug|Any CPU
		{7A94284D-B19F-49FE-B71F-A89CF929029B}.Debug|Any CPU.Build.0 = Debug|Any CPU
		{7A94284D-B19F-49FE-B71F-A89CF929029B}.Release|Any CPU.ActiveCfg = Release|Any CPU
		{7A94284D-B19F-49FE-B71F-A89CF929029B}.Release|Any CPU.Build.0 = Release|Any CPU
		{C6A27FF1-85EC-4E94-9DF9-9927BC65BF3B}.Debug|Any CPU.ActiveCfg = Debug|Any CPU
		{C6A27FF1-85EC-4E94-9DF9-9927BC65BF3B}.Debug|Any CPU.Build.0 = Debug|Any CPU
		{C6A27FF1-85EC-4E94-9DF9-9927BC65BF3B}.Release|Any CPU.ActiveCfg = Release|Any CPU
		{C6A27FF1-85EC-4E94-9DF9-9927BC65BF3B}.Release|Any CPU.Build.0 = Release|Any CPU
	EndGlobalSection
	GlobalSection(NestedProjects) = preSolution
		{1593A2D2-F27E-41BB-B1D2-A8F3294D0745} = {276305D5-BD83-44C6-A873-22C9FF9EE9FC}
		{E13D80CD-1DC4-43E4-A22E-0C938015D204} = {1593A2D2-F27E-41BB-B1D2-A8F3294D0745}
		{D5D98ED5-6966-4B8B-BA93-40BCA5071CF7} = {1593A2D2-F27E-41BB-B1D2-A8F3294D0745}
		{CFA50857-DA7B-40D9-8085-EB50783599E5} = {1593A2D2-F27E-41BB-B1D2-A8F3294D0745}
		{0FD3B24C-01AB-4422-B662-9EEE2ACFC941} = {1593A2D2-F27E-41BB-B1D2-A8F3294D0745}
		{D7E39D1F-9A47-46DE-BD84-352E8998F848} = {1593A2D2-F27E-41BB-B1D2-A8F3294D0745}
		{01EDF09D-16CD-43C3-BCCD-B4F7D5712B97} = {276305D5-BD83-44C6-A873-22C9FF9EE9FC}
		{45AFCA8E-B79F-4545-9B50-7D85FB2406BF} = {01EDF09D-16CD-43C3-BCCD-B4F7D5712B97}
		{FE42C9CD-A3F7-464C-B7C3-5ADFCA0E8C9E} = {01EDF09D-16CD-43C3-BCCD-B4F7D5712B97}
		{73E60C6F-5E3C-4002-B844-B7E0A549FBB9} = {01EDF09D-16CD-43C3-BCCD-B4F7D5712B97}
		{7A94284D-B19F-49FE-B71F-A89CF929029B} = {740F8E4C-437A-45C8-B57B-4187028B1A0B}
		{C6A27FF1-85EC-4E94-9DF9-9927BC65BF3B} = {01EDF09D-16CD-43C3-BCCD-B4F7D5712B97}
	EndGlobalSection
EndGlobal
